{
    "_meta": {
        "hash": {
            "sha256": "8acf5a059e345ae776cabd6aa8a6de4001c5fb3e16bf6ade554d0fcd9a875189"
        },
        "pipfile-spec": 6,
        "requires": {
            "python_version": "3.9"
        },
        "sources": [
            {
                "name": "pypi",
                "url": "https://pypi.org/simple",
                "verify_ssl": true
            }
        ]
    },
    "default": {
        "funcy": {
            "hashes": [
                "sha256:3963315d59d41c6f30c04bc910e10ab50a3ac4a225868bfa96feed133df075cb",
                "sha256:53df23c8bb1651b12f095df764bfb057935d49537a56de211b098f4c79614bb0"
            ],
            "index": "pypi",
            "version": "==2.0"
        },
        "pyparsing": {
            "hashes": [
                "sha256:32c7c0b711493c72ff18a981d24f28aaf9c1fb7ed5e9667c9e84e3db623bdbfb",
                "sha256:ede28a1a32462f5a9705e07aea48001a08f7cf81a021585011deba701581a0db"
            ],
            "index": "pypi",
            "version": "==3.1.1"
        }
    },
    "develop": {}
}
